github.com/confluentinc/confluent-kafka-go v1.0.0 h1:y+G9NTXsvoelf1cRzjtLKOZsPqh71noS4+t+e+eINIk=
github.com/confluentinc/confluent-kafka-go v1.0.0/go.mod h1:u2zNLny2xq+5rWeTQjFHbDzzNuba4P1vo31r9r4uAdg=
github.com/go-redis/redis v6.15.2+incompatible h1:9SpNVG76gr6InJGxoZ6IuuxaCOQwDAhzyXg+Bs+0Sb4=
github.com/go-redis/redis v6.15.2+incompatible/go.mod h1:NAIEuMOZ/fxfXJIrKDQDz8wamY7mA7PouImQ2Jvg6kA=
