# This file is autogenerated, do not edit; changes may be undone by the next 'dep ensure'.


[[projects]]
  name = "github.com/confluentinc/confluent-kafka-go"
  packages = ["kafka"]
  revision = "ecccefd9ca31c656bd33471dc0d9293fcf3de99b"
  version = "v1.0.0"

[solve-meta]
  analyzer-name = "dep"
  analyzer-version = 1
  inputs-digest = "e05b03f2c93be234b5afb1150fa44ecbb9f9a3255a4f640b2e36e53b7e4222c5"
  solver-name = "gps-cdcl"
  solver-version = 1
