github.com/aws/aws-sdk-go-v2 v1.30.5 h1:mWSRTwQAb0aLE17dSzztCVJWI9+cRMgqebndjwDyK0g=
github.com/aws/aws-sdk-go-v2 v1.30.5/go.mod h1:CT+ZPWXbYrci8chcARI3OmI/qgd+f6WtuLOoaIA8PR0=
github.com/aws/aws-sdk-go-v2/aws/protocol/eventstream v1.6.4 h1:70PVAiL15/aBMh5LThwgXdSQorVr91L127ttckI9QQU=
github.com/aws/aws-sdk-go-v2/aws/protocol/eventstream v1.6.4/go.mod h1:/MQxMqci8tlqDH+pjmoLu1i0tbWCUP1hhyMRuFxpQCw=
github.com/aws/aws-sdk-go-v2/internal/configsources v1.3.17 h1:pI7Bzt0BJtYA0N/JEC6B8fJ4RBrEMi1LBrkMdFYNSnQ=
github.com/aws/aws-sdk-go-v2/internal/configsources v1.3.17/go.mod h1:Dh5zzJYMtxfIjYW+/evjQ8uj2OyR/ve2KROHGHlSFqE=
github.com/aws/aws-sdk-go-v2/internal/endpoints/v2 v2.6.17 h1:Mqr/V5gvrhA2gvgnF42Zh5iMiQNcOYthFYwCyrnuWlc=
github.com/aws/aws-sdk-go-v2/internal/endpoints/v2 v2.6.17/go.mod h1:aLJpZlCmjE+V+KtN1q1uyZkfnUWpQGpbsn89XPKyzfU=
github.com/aws/aws-sdk-go-v2/internal/v4a v1.3.17 h1:Roo69qTpfu8OlJ2Tb7pAYVuF0CpuUMB0IYWwYP/4DZM=
github.com/aws/aws-sdk-go-v2/internal/v4a v1.3.17/go.mod h1:NcWPxQzGM1USQggaTVwz6VpqMZPX1CvDJLDh6jnOCa4=
github.com/aws/aws-sdk-go-v2/service/internal/accept-encoding v1.11.4 h1:KypMCbLPPHEmf9DgMGw51jMj77VfGPAN2Kv4cfhlfgI=
github.com/aws/aws-sdk-go-v2/service/internal/accept-encoding v1.11.4/go.mod h1:Vz1JQXliGcQktFTN/LN6uGppAIRoLBR2bMvIMP0gOjc=
github.com/aws/aws-sdk-go-v2/service/internal/checksum v1.3.19 h1:FLMkfEiRjhgeDTCjjLoc3URo/TBkgeQbocA78lfkzSI=
github.com/aws/aws-sdk-go-v2/service/internal/checksum v1.3.19/go.mod h1:Vx+GucNSsdhaxs3aZIKfSUjKVGsxN25nX2SRcdhuw08=
github.com/aws/aws-sdk-go-v2/service/internal/presigned-url v1.11.19 h1:rfprUlsdzgl7ZL2KlXiUAoJnI/VxfHCvDFr2QDFj6u4=
github.com/aws/aws-sdk-go-v2/service/internal/presigned-url v1.11.19/go.mod h1:SCWkEdRq8/7EK60NcvvQ6NXKuTcchAD4ROAsC37VEZE=
github.com/aws/aws-sdk-go-v2/service/internal/s3shared v1.17.17 h1:u+EfGmksnJc/x5tq3A+OD7LrMbSSR/5TrKLvkdy/fhY=
github.com/aws/aws-sdk-go-v2/service/internal/s3shared v1.17.17/go.mod h1:VaMx6302JHax2vHJWgRo+5n9zvbacs3bLU/23DNQrTY=
github.com/aws/aws-sdk-go-v2/service/s3 v1.61.2 h1:Kp6PWAlXwP1UvIflkIP6MFZYBNDCa4mFCGtxrpICVOg=
github.com/aws/aws-sdk-go-v2/service/s3 v1.61.2/go.mod h1:5FmD/Dqq57gP+XwaUnd5WFPipAuzrf0HmupX27Gvjvc=
github.com/aws/smithy-go v1.20.4 h1:2HK1zBdPgRbjFOHlfeQZfpC4r72MOb9bZkiFwggKO+4=
github.com/aws/smithy-go v1.20.4/go.mod h1:irrKGvNn1InZwb2d7fkIRNucdfwR8R+Ts3wxYa/cJHg=
github.com/reugn/go-streams v0.10.0 h1:Y0wHNihEbHsFOFV2/xTOKvud4ZpJPaRTET01fwx2/rQ=
github.com/reugn/go-streams v0.10.0/go.mod h1:QI5XXifJkVJl2jQ6Cra8I9DvWdJTgqcFYR7amvXZ9Lg=
