github.com/aws/aws-sdk-go-v2 v1.32.7 h1:ky5o35oENWi0JYWUZkB7WYvVPP+bcRF5/Iq7JWSb5Rw=
github.com/aws/aws-sdk-go-v2 v1.32.7/go.mod h1:P5WJBrYqqbWVaOxgH0X/FYYD47/nooaPOZPlQdmiN2U=
github.com/aws/aws-sdk-go-v2/aws/protocol/eventstream v1.6.7 h1:lL7IfaFzngfx0ZwUGOZdsFFnQ5uLvR0hWqqhyE7Q9M8=
github.com/aws/aws-sdk-go-v2/aws/protocol/eventstream v1.6.7/go.mod h1:QraP0UcVlQJsmHfioCrveWOC1nbiWUl3ej08h4mXWoc=
github.com/aws/aws-sdk-go-v2/internal/configsources v1.3.26 h1:I/5wmGMffY4happ8NOCuIUEWGUvvFp5NSeQcXl9RHcI=
github.com/aws/aws-sdk-go-v2/internal/configsources v1.3.26/go.mod h1:FR8f4turZtNy6baO0KJ5FJUmXH/cSkI9fOngs0yl6mA=
github.com/aws/aws-sdk-go-v2/internal/endpoints/v2 v2.6.26 h1:zXFLuEuMMUOvEARXFUVJdfqZ4bvvSgdGRq/ATcrQxzM=
github.com/aws/aws-sdk-go-v2/internal/endpoints/v2 v2.6.26/go.mod h1:3o2Wpy0bogG1kyOPrgkXA8pgIfEEv0+m19O9D5+W8y8=
github.com/aws/aws-sdk-go-v2/internal/v4a v1.3.26 h1:GeNJsIFHB+WW5ap2Tec4K6dzcVTsRbsT1Lra46Hv9ME=
github.com/aws/aws-sdk-go-v2/internal/v4a v1.3.26/go.mod h1:zfgMpwHDXX2WGoG84xG2H+ZlPTkJUU4YUvx2svLQYWo=
github.com/aws/aws-sdk-go-v2/service/internal/accept-encoding v1.12.1 h1:iXtILhvDxB6kPvEXgsDhGaZCSC6LQET5ZHSdJozeI0Y=
github.com/aws/aws-sdk-go-v2/service/internal/accept-encoding v1.12.1/go.mod h1:9nu0fVANtYiAePIBh2/pFUSwtJ402hLnp854CNoDOeE=
github.com/aws/aws-sdk-go-v2/service/internal/checksum v1.4.7 h1:tB4tNw83KcajNAzaIMhkhVI2Nt8fAZd5A5ro113FEMY=
github.com/aws/aws-sdk-go-v2/service/internal/checksum v1.4.7/go.mod h1:lvpyBGkZ3tZ9iSsUIcC2EWp+0ywa7aK3BLT+FwZi+mQ=
github.com/aws/aws-sdk-go-v2/service/internal/presigned-url v1.12.7 h1:8eUsivBQzZHqe/3FE+cqwfH+0p5Jo8PFM/QYQSmeZ+M=
github.com/aws/aws-sdk-go-v2/service/internal/presigned-url v1.12.7/go.mod h1:kLPQvGUmxn/fqiCrDeohwG33bq2pQpGeY62yRO6Nrh0=
github.com/aws/aws-sdk-go-v2/service/internal/s3shared v1.18.7 h1:Hi0KGbrnr57bEHWM0bJ1QcBzxLrL/k2DHvGYhb8+W1w=
github.com/aws/aws-sdk-go-v2/service/internal/s3shared v1.18.7/go.mod h1:wKNgWgExdjjrm4qvfbTorkvocEstaoDl4WCvGfeCy9c=
github.com/aws/aws-sdk-go-v2/service/s3 v1.72.0 h1:SAfh4pNx5LuTafKKWR02Y+hL3A+3TX8cTKG1OIAJaBk=
github.com/aws/aws-sdk-go-v2/service/s3 v1.72.0/go.mod h1:r+xl5yzMk9083rMR+sJ5TYj9Tihvf/l1oxzZXDgGj2Q=
github.com/aws/smithy-go v1.22.1 h1:/HPHZQ0g7f4eUeK6HKglFz8uwVfZKgoI25rb/J+dnro=
github.com/aws/smithy-go v1.22.1/go.mod h1:irrKGvNn1InZwb2d7fkIRNucdfwR8R+Ts3wxYa/cJHg=
github.com/reugn/go-streams v0.11.0 h1:oa4F/bkMr+2hNl6+28e4xPX6VcEfgsTvzmC/8rNK2tI=
github.com/reugn/go-streams v0.11.0/go.mod h1:QI5XXifJkVJl2jQ6Cra8I9DvWdJTgqcFYR7amvXZ9Lg=
